{
  "version": "3",
  "remote": {
    "https://deno.land/std@0.201.0/assert/_constants.ts": "8a9da298c26750b28b326b297316cdde860bc237533b07e1337c021379e6b2a9",
    "https://deno.land/std@0.201.0/assert/_diff.ts": "1a3c044aedf77647d6cac86b798c6417603361b66b54c53331b312caeb447aea",
    "https://deno.land/std@0.201.0/assert/_format.ts": "a69126e8a469009adf4cf2a50af889aca364c349797e63174884a52ff75cf4c7",
    "https://deno.land/std@0.201.0/assert/assert.ts": "9a97dad6d98c238938e7540736b826440ad8c1c1e54430ca4c4e623e585607ee",
    "https://deno.land/std@0.201.0/assert/assert_equals.ts": "d8ec8a22447fbaf2fc9d7c3ed2e66790fdb74beae3e482855d75782218d68227",
    "https://deno.land/std@0.201.0/assert/assert_instance_of.ts": "3aedb3d8186e120812d2b3a5dea66a6e42bf8c57a8bd927645770bd21eea554c",
    "https://deno.land/std@0.201.0/assert/assert_object_match.ts": "d8fc2867cfd92eeacf9cea621e10336b666de1874a6767b5ec48988838370b54",
    "https://deno.land/std@0.201.0/assert/assertion_error.ts": "4d0bde9b374dfbcbe8ac23f54f567b77024fb67dbb1906a852d67fe050d42f56",
    "https://deno.land/std@0.201.0/assert/equal.ts": "9f1a46d5993966d2596c44e5858eec821859b45f783a5ee2f7a695dfc12d8ece",
    "https://deno.land/std@0.201.0/assert/unreachable.ts": "4600dc0baf7d9c15a7f7d234f00c23bca8f3eba8b140286aaca7aa998cf9a536",
    "https://deno.land/std@0.201.0/fmt/colors.ts": "87544aa2bc91087bb37f9c077970c85bfb041b48e4c37356129d7b450a415b6f",
    "https://deno.land/std@0.211.0/testing/_test_suite.ts": "f10a8a6338b60c403f07a76f3f46bdc9f1e1a820c0a1decddeb2949f7a8a0546",
    "https://deno.land/std@0.211.0/testing/bdd.ts": "3cbd17bd35f629a76ce63446238dfb4632240dd46b3b205027c45fa3dd67e554",
    "https://deno.land/std@0.220.1/assert/_constants.ts": "a271e8ef5a573f1df8e822a6eb9d09df064ad66a4390f21b3e31f820a38e0975",
    "https://deno.land/std@0.220.1/assert/_diff.ts": "4bf42969aa8b1a33aaf23eb8e478b011bfaa31b82d85d2ff4b5c4662d8780d2b",
    "https://deno.land/std@0.220.1/assert/_format.ts": "0ba808961bf678437fb486b56405b6fefad2cf87b5809667c781ddee8c32aff4",
    "https://deno.land/std@0.220.1/assert/assert.ts": "bec068b2fccdd434c138a555b19a2c2393b71dfaada02b7d568a01541e67cdc5",
    "https://deno.land/std@0.220.1/assert/assert_equals.ts": "4497c56fe7d2993b0d447926702802fc0becb44e319079e8eca39b482ee01b4e",
    "https://deno.land/std@0.220.1/assert/assert_instance_of.ts": "72dc1faff1e248692d873c89382fa1579dd7b53b56d52f37f9874a75b11ba444",
    "https://deno.land/std@0.220.1/assert/assert_object_match.ts": "e85e5eef62a56ce364c3afdd27978ccab979288a3e772e6855c270a7b118fa49",
    "https://deno.land/std@0.220.1/assert/assertion_error.ts": "9f689a101ee586c4ce92f52fa7ddd362e86434ffdf1f848e45987dc7689976b8",
    "https://deno.land/std@0.220.1/assert/equal.ts": "fae5e8a52a11d3ac694bbe1a53e13a7969e3f60791262312e91a3e741ae519e2",
    "https://deno.land/std@0.220.1/assert/unreachable.ts": "3670816a4ab3214349acb6730e3e6f5299021234657eefe05b48092f3848c270",
    "https://deno.land/std@0.220.1/fmt/colors.ts": "d239d84620b921ea520125d778947881f62c50e78deef2657073840b8af9559a",
    "https://deno.land/std@0.220.1/testing/_test_suite.ts": "f10a8a6338b60c403f07a76f3f46bdc9f1e1a820c0a1decddeb2949f7a8a0546",
    "https://deno.land/std@0.220.1/testing/bdd.ts": "7a8ac58eded80e6fefa7cf7538927e88781cf5f247c04b35261c3213316e2dd0",
    "https://deno.land/x/async@v2.0.2/state.ts": "a71692b72371239120b196d0c6a249631bab867dd499e85c422c2e5ec9695999",
    "https://deno.land/x/async@v2.1.0/state.ts": "a71692b72371239120b196d0c6a249631bab867dd499e85c422c2e5ec9695999",
    "https://esm.sh/typescript@5.3.3": "dc4339676509133a59c3386d0ecf297585a29f1cece1eba235ef8f4a3beb9522",
    "https://esm.sh/typescript@5.4.3": "4b844842e331a4681e6c35e9314ac74826e7016b950d10d38b21127aa52cc2b3",
    "https://esm.sh/v135/buffer-from@1.1.2/denonext/buffer-from.mjs": "078451542b62cb4261c01a01ff7e9bc0f94bef4eb710831d40e1f92c4dfe3883",
    "https://esm.sh/v135/node_inspector.js": "a19e0177c22009003670499765ac8abdb8f6f49175105ced47bfea73bfca8b46",
    "https://esm.sh/v135/source-map-support@0.5.21/denonext/source-map-support.mjs": "4a3185b099f49b540b1ee768cb9d1912de4f27872b2e0d8ccfa93a3b3529d66a",
    "https://esm.sh/v135/source-map@0.6.1/denonext/source-map.mjs": "ccff3bb06dea7c01a2c83cf12113697592e418fd06b55ae2bb4cb0a4e51a98b8",
    "https://esm.sh/v135/typescript@5.3.3/denonext/typescript.mjs": "2cde33a9040058d919060a6ca8b2a51f601679aee4e4e5be93f2428d176b7d27",
    "https://esm.sh/v135/typescript@5.4.3/denonext/typescript.mjs": "4790392cd8737527e597578ecb6449587c829558409a707348826fe505eeba49"
  }
}
